dependencies:
  espressif/cJSON:
    component_hash: 9372811fb197926f522c467627cf4a8e72b681e0366e17879631da801103aef3
    dependencies:
    - name: idf
      require: private
      version: '>=5.0'
    source:
      registry_url: https://components.espressif.com/
      type: service
    version: 1.7.19
  espressif/mdns:
    component_hash: 29e47564b1a7ee778135e17fbbf2a2773f71c97ebabfe626c8eda7c958a7ad16
    dependencies:
    - name: idf
      require: private
      version: '>=5.0'
    source:
      registry_url: https://components.espressif.com/
      type: service
    version: 1.9.1
  idf:
    source:
      type: idf
    version: 6.1.0
direct_dependencies:
- espressif/cJSON
- espressif/mdns
- idf
manifest_hash: 008e42d373faac4e33d1ab1960fb8bb8730b71d453c91187e574b6e131bf3d31
target: esp32c3
version: 2.0.0
